
Microsoft Visual Studio Solution File, Format Version 12.00
# Visual Studio 2012
Project("{FAE04EC0-301F-11D3-BF4B-00C04F79EFBC}") = "01", "04\01.csproj", "{BB482749-D8ED-46E1-BBA5-7EF9517520D6}"
EndProject
Project("{FAE04EC0-301F-11D3-BF4B-00C04F79EFBC}") = "02", "02\02.csproj", "{BB47926E-A546-4AD8-9BE0-55905AF194B8}"
EndProject
Global
	GlobalSection(SolutionConfigurationPlatforms) = preSolution
		Debug|Any CPU = Debug|Any CPU
		Release|Any CPU = Release|Any CPU
	EndGlobalSection
	GlobalSection(ProjectConfigurationPlatforms) = postSolution
		{BB482749-D8ED-46E1-BBA5-7EF9517520D6}.Debug|Any CPU.ActiveCfg = Debug|Any CPU
		{BB482749-D8ED-46E1-BBA5-7EF9517520D6}.Debug|Any CPU.Build.0 = Debug|Any CPU
		{BB482749-D8ED-46E1-BBA5-7EF9517520D6}.Release|Any CPU.ActiveCfg = Release|Any CPU
		{BB482749-D8ED-46E1-BBA5-7EF9517520D6}.Release|Any CPU.Build.0 = Release|Any CPU
		{BB47926E-A546-4AD8-9BE0-55905AF194B8}.Debug|Any CPU.ActiveCfg = Debug|Any CPU
		{BB47926E-A546-4AD8-9BE0-55905AF194B8}.Debug|Any CPU.Build.0 = Debug|Any CPU
		{BB47926E-A546-4AD8-9BE0-55905AF194B8}.Release|Any CPU.ActiveCfg = Release|Any CPU
		{BB47926E-A546-4AD8-9BE0-55905AF194B8}.Release|Any CPU.Build.0 = Release|Any CPU
	EndGlobalSection
	GlobalSection(SolutionProperties) = preSolution
		HideSolutionNode = FALSE
	EndGlobalSection
EndGlobal
